// !$*UTF8*$!
{
	archiveVersion = 1;
	classes = {
	};
	objectVersion = 77;
	objects = {

/* Begin PBXContainerItemProxy section */
		5EDA638D2D9E990A0044FD17 /* PBXContainerItemProxy */ = {
			isa = PBXContainerItemProxy;
			containerPortal = 5EDA636E2D9E99090044FD17 /* Project object */;
			proxyType = 1;
			remoteGlobalIDString = 5EDA63752D9E99090044FD17;
			remoteInfo = counter1;
		};
		5EDA63972D9E990B0044FD17 /* PBXContainerItemProxy */ = {
			isa = PBXContainerItemProxy;
			containerPortal = 5EDA636E2D9E99090044FD17 /* Project object */;
			proxyType = 1;
			remoteGlobalIDString = 5EDA63752D9E99090044FD17;
			remoteInfo = counter1;
		};
/* End PBXContainerItemProxy section */

/* Begin PBXFileReference section */
		5EDA63762D9E99090044FD17 /* counter1.app */ = {isa = PBXFileReference; explicitFileType = wrapper.application; includeInIndex = 0; path = counter1.app; sourceTree = BUILT_PRODUCTS_DIR; };
		5EDA638C2D9E990A0044FD17 /* counter1Tests.xctest */ = {isa = PBXFileReference; explicitFileType = wrapper.cfbundle; includeInIndex = 0; path = counter1Tests.xctest; sourceTree = BUILT_PRODUCTS_DIR; };
		5EDA63962D9E990B0044FD17 /* counter1UITests.xctest */ = {isa = PBXFileReference; explicitFileType = wrapper.cfbundle; includeInIndex = 0; path = counter1UITests.xctest; sourceTree = BUILT_PRODUCTS_DIR; };
/* End PBXFileReference section */

/* Begin PBXFileSystemSynchronizedBuildFileExceptionSet section */
		5EDA639E2D9E990B0044FD17 /* Exceptions for "counter1" folder in "counter1" target */ = {
			isa = PBXFileSystemSynchronizedBuildFileExceptionSet;
			membershipExceptions = (
				Info.plist,
			);
			target = 5EDA63752D9E99090044FD17 /* counter1 */;
		};
/* End PBXFileSystemSynchronizedBuildFileExceptionSet section */

/* Begin PBXFileSystemSynchronizedRootGroup section */
		5EDA63782D9E99090044FD17 /* counter1 */ = {
			isa = PBXFileSystemSynchronizedRootGroup;
			exceptions = (
				5EDA639E2D9E990B0044FD17 /* Exceptions for "counter1" folder in "counter1" target */,
			);
			path = counter1;
			sourceTree = "<group>";
		};
		5EDA638F2D9E990A0044FD17 /* counter1Tests */ = {
			isa = PBXFileSystemSynchronizedRootGroup;
			path = counter1Tests;
			sourceTree = "<group>";
		};
		5EDA63992D9E990B0044FD17 /* counter1UITests */ = {
			isa = PBXFileSystemSynchronizedRootGroup;
			path = counter1UITests;
			sourceTree = "<group>";
		};
/* End PBXFileSystemSynchronizedRootGroup section */

/* Begin PBXFrameworksBuildPhase section */
		5EDA63732D9E99090044FD17 /* Frameworks */ = {
			isa = PBXFrameworksBuildPhase;
			buildActionMask = 2147483647;
			files = (
			);
			runOnlyForDeploymentPostprocessing = 0;
		};
		5EDA63892D9E990A0044FD17 /* Frameworks */ = {
			isa = PBXFrameworksBuildPhase;
			buildActionMask = 2147483647;
			files = (
			);
			runOnlyForDeploymentPostprocessing = 0;
		};
		5EDA63932D9E990B0044FD17 /* Frameworks */ = {
			isa = PBXFrameworksBuildPhase;
			buildActionMask = 2147483647;
			files = (
			);
			runOnlyForDeploymentPostprocessing = 0;
		};
/* End PBXFrameworksBuildPhase section */

/* Begin PBXGroup section */
		5EDA636D2D9E99090044FD17 = {
			isa = PBXGroup;
			children = (
				5EDA63782D9E99090044FD17 /* counter1 */,
				5EDA638F2D9E990A0044FD17 /* counter1Tests */,
				5EDA63992D9E990B0044FD17 /* counter1UITests */,
				5EDA63772D9E99090044FD17 /* Products */,
			);
			sourceTree = "<group>";
		};
		5EDA63772D9E99090044FD17 /* Products */ = {
			isa = PBXGroup;
			children = (
				5EDA63762D9E99090044FD17 /* counter1.app */,
				5EDA638C2D9E990A0044FD17 /* counter1Tests.xctest */,
				5EDA63962D9E990B0044FD17 /* counter1UITests.xctest */,
			);
			name = Products;
			sourceTree = "<group>";
		};
/* End PBXGroup section */

/* Begin PBXNativeTarget section */
		5EDA63752D9E99090044FD17 /* counter1 */ = {
			isa = PBXNativeTarget;
			buildConfigurationList = 5EDA639F2D9E990B0044FD17 /* Build configuration list for PBXNativeTarget "counter1" */;
			buildPhases = (
				5EDA63722D9E99090044FD17 /* Sources */,
				5EDA63732D9E99090044FD17 /* Frameworks */,
				5EDA63742D9E99090044FD17 /* Resources */,
			);
			buildRules = (
			);
			dependencies = (
			);
			fileSystemSynchronizedGroups = (
				5EDA63782D9E99090044FD17 /* counter1 */,
			);
			name = counter1;
			packageProductDependencies = (
			);
			productName = counter1;
			productReference = 5EDA63762D9E99090044FD17 /* counter1.app */;
			productType = "com.apple.product-type.application";
		};
		5EDA638B2D9E990A0044FD17 /* counter1Tests */ = {
			isa = PBXNativeTarget;
			buildConfigurationList = 5EDA63A42D9E990B0044FD17 /* Build configuration list for PBXNativeTarget "counter1Tests" */;
			buildPhases = (
				5EDA63882D9E990A0044FD17 /* Sources */,
				5EDA63892D9E990A0044FD17 /* Frameworks */,
				5EDA638A2D9E990A0044FD17 /* Resources */,
			);
			buildRules = (
			);
			dependencies = (
				5EDA638E2D9E990A0044FD17 /* PBXTargetDependency */,
			);
			fileSystemSynchronizedGroups = (
				5EDA638F2D9E990A0044FD17 /* counter1Tests */,
			);
			name = counter1Tests;
			packageProductDependencies = (
			);
			productName = counter1Tests;
			productReference = 5EDA638C2D9E990A0044FD17 /* counter1Tests.xctest */;
			productType = "com.apple.product-type.bundle.unit-test";
		};
		5EDA63952D9E990B0044FD17 /* counter1UITests */ = {
			isa = PBXNativeTarget;
			buildConfigurationList = 5EDA63A72D9E990B0044FD17 /* Build configuration list for PBXNativeTarget "counter1UITests" */;
			buildPhases = (
				5EDA63922D9E990B0044FD17 /* Sources */,
				5EDA63932D9E990B0044FD17 /* Frameworks */,
				5EDA63942D9E990B0044FD17 /* Resources */,
			);
			buildRules = (
			);
			dependencies = (
				5EDA63982D9E990B0044FD17 /* PBXTargetDependency */,
			);
			fileSystemSynchronizedGroups = (
				5EDA63992D9E990B0044FD17 /* counter1UITests */,
			);
			name = counter1UITests;
			packageProductDependencies = (
			);
			productName = counter1UITests;
			productReference = 5EDA63962D9E990B0044FD17 /* counter1UITests.xctest */;
			productType = "com.apple.product-type.bundle.ui-testing";
		};
/* End PBXNativeTarget section */

/* Begin PBXProject section */
		5EDA636E2D9E99090044FD17 /* Project object */ = {
			isa = PBXProject;
			attributes = {
				BuildIndependentTargetsInParallel = 1;
				LastSwiftUpdateCheck = 1620;
				LastUpgradeCheck = 1620;
				TargetAttributes = {
					5EDA63752D9E99090044FD17 = {
						CreatedOnToolsVersion = 16.2;
					};
					5EDA638B2D9E990A0044FD17 = {
						CreatedOnToolsVersion = 16.2;
						TestTargetID = 5EDA63752D9E99090044FD17;
					};
					5EDA63952D9E990B0044FD17 = {
						CreatedOnToolsVersion = 16.2;
						TestTargetID = 5EDA63752D9E99090044FD17;
					};
				};
			};
			buildConfigurationList = 5EDA63712D9E99090044FD17 /* Build configuration list for PBXProject "counter1" */;
			developmentRegion = en;
			hasScannedForEncodings = 0;
			knownRegions = (
				en,
				Base,
			);
			mainGroup = 5EDA636D2D9E99090044FD17;
			minimizedProjectReferenceProxies = 1;
			preferredProjectObjectVersion = 77;
			productRefGroup = 5EDA63772D9E99090044FD17 /* Products */;
			projectDirPath = "";
			projectRoot = "";
			targets = (
				5EDA63752D9E99090044FD17 /* counter1 */,
				5EDA638B2D9E990A0044FD17 /* counter1Tests */,
				5EDA63952D9E990B0044FD17 /* counter1UITests */,
			);
		};
/* End PBXProject section */

/* Begin PBXResourcesBuildPhase section */
		5EDA63742D9E99090044FD17 /* Resources */ = {
			isa = PBXResourcesBuildPhase;
			buildActionMask = 2147483647;
			files = (
			);
			runOnlyForDeploymentPostprocessing = 0;
		};
		5EDA638A2D9E990A0044FD17 /* Resources */ = {
			isa = PBXResourcesBuildPhase;
			buildActionMask = 2147483647;
			files = (
			);
			runOnlyForDeploymentPostprocessing = 0;
		};
		5EDA63942D9E990B0044FD17 /* Resources */ = {
			isa = PBXResourcesBuildPhase;
			buildActionMask = 2147483647;
			files = (
			);
			runOnlyForDeploymentPostprocessing = 0;
		};
/* End PBXResourcesBuildPhase section */

/* Begin PBXSourcesBuildPhase section */
		5EDA63722D9E99090044FD17 /* Sources */ = {
			isa = PBXSourcesBuildPhase;
			buildActionMask = 2147483647;
			files = (
			);
			runOnlyForDeploymentPostprocessing = 0;
		};
		5EDA63882D9E990A0044FD17 /* Sources */ = {
			isa = PBXSourcesBuildPhase;
			buildActionMask = 2147483647;
			files = (
			);
			runOnlyForDeploymentPostprocessing = 0;
		};
		5EDA63922D9E990B0044FD17 /* Sources */ = {
			isa = PBXSourcesBuildPhase;
			buildActionMask = 2147483647;
			files = (
			);
			runOnlyForDeploymentPostprocessing = 0;
		};
/* End PBXSourcesBuildPhase section */

/* Begin PBXTargetDependency section */
		5EDA638E2D9E990A0044FD17 /* PBXTargetDependency */ = {
			isa = PBXTargetDependency;
			target = 5EDA63752D9E99090044FD17 /* counter1 */;
			targetProxy = 5EDA638D2D9E990A0044FD17 /* PBXContainerItemProxy */;
		};
		5EDA63982D9E990B0044FD17 /* PBXTargetDependency */ = {
			isa = PBXTargetDependency;
			target = 5EDA63752D9E99090044FD17 /* counter1 */;
			targetProxy = 5EDA63972D9E990B0044FD17 /* PBXContainerItemProxy */;
		};
/* End PBXTargetDependency section */

/* Begin XCBuildConfiguration section */
		5EDA63A02D9E990B0044FD17 /* Debug */ = {
			isa = XCBuildConfiguration;
			buildSettings = {
				ASSETCATALOG_COMPILER_APPICON_NAME = AppIcon;
				ASSETCATALOG_COMPILER_GLOBAL_ACCENT_COLOR_NAME = AccentColor;
				CODE_SIGN_STYLE = Automatic;
				CURRENT_PROJECT_VERSION = 1;
				DEVELOPMENT_TEAM = S56QZ2JUAY;
				GENERATE_INFOPLIST_FILE = YES;
				INFOPLIST_FILE = counter1/Info.plist;
				INFOPLIST_KEY_UIApplicationSupportsIndirectInputEvents = YES;
				INFOPLIST_KEY_UILaunchStoryboardName = LaunchScreen;
				INFOPLIST_KEY_UIMainStoryboardFile = Main;
				INFOPLIST_KEY_UISupportedInterfaceOrientations_iPad = "UIInterfaceOrientationPortrait UIInterfaceOrientationPortraitUpsideDown UIInterfaceOrientationLandscapeLeft UIInterfaceOrientationLandscapeRight";
				INFOPLIST_KEY_UISupportedInterfaceOrientations_iPhone = "UIInterfaceOrientationPortrait UIInterfaceOrientationLandscapeLeft UIInterfaceOrientationLandscapeRight";
				LD_RUNPATH_SEARCH_PATHS = (
					"$(inherited)",
					"@executable_path/Frameworks",
				);
				MARKETING_VERSION = 1.0;
				PRODUCT_BUNDLE_IDENTIFIER = com.kseniamastaler.moviequiz.counter1;
				PRODUCT_NAME = "$(TARGET_NAME)";
				SWIFT_EMIT_LOC_STRINGS = YES;
				SWIFT_VERSION = 5.0;
				TARGETED_DEVICE_FAMILY = "1,2";
			};
			name = Debug;
		};
		5EDA63A12D9E990B0044FD17 /* Release */ = {
			isa = XCBuildConfiguration;
			buildSettings = {
				ASSETCATALOG_COMPILER_APPICON_NAME = AppIcon;
				ASSETCATALOG_COMPILER_GLOBAL_ACCENT_COLOR_NAME = AccentColor;
				CODE_SIGN_STYLE = Automatic;
				CURRENT_PROJECT_VERSION = 1;
				DEVELOPMENT_TEAM = S56QZ2JUAY;
				GENERATE_INFOPLIST_FILE = YES;
				INFOPLIST_FILE = counter1/Info.plist;
				INFOPLIST_KEY_UIApplicationSupportsIndirectInputEvents = YES;
				INFOPLIST_KEY_UILaunchStoryboardName = LaunchScreen;
				INFOPLIST_KEY_UIMainStoryboardFile = Main;
				INFOPLIST_KEY_UISupportedInterfaceOrientations_iPad = "UIInterfaceOrientationPortrait UIInterfaceOrientationPortraitUpsideDown UIInterfaceOrientationLandscapeLeft UIInterfaceOrientationLandscapeRight";
				INFOPLIST_KEY_UISupportedInterfaceOrientations_iPhone = "UIInterfaceOrientationPortrait UIInterfaceOrientationLandscapeLeft UIInterfaceOrientationLandscapeRight";
				LD_RUNPATH_SEARCH_PATHS = (
					"$(inherited)",
					"@executable_path/Frameworks",
				);
				MARKETING_VERSION = 1.0;
				PRODUCT_BUNDLE_IDENTIFIER = com.kseniamastaler.moviequiz.counter1;
				PRODUCT_NAME = "$(TARGET_NAME)";
				SWIFT_EMIT_LOC_STRINGS = YES;
				SWIFT_VERSION = 5.0;
				TARGETED_DEVICE_FAMILY = "1,2";
			};
			name = Release;
		};
		5EDA63A22D9E990B0044FD17 /* Debug */ = {
			isa = XCBuildConfiguration;
			buildSettings = {
				ALWAYS_SEARCH_USER_PATHS = NO;
				ASSETCATALOG_COMPILER_GENERATE_SWIFT_ASSET_SYMBOL_EXTENSIONS = YES;
				CLANG_ANALYZER_NONNULL = YES;
				CLANG_ANALYZER_NUMBER_OBJECT_CONVERSION = YES_AGGRESSIVE;
				CLANG_CXX_LANGUAGE_STANDARD = "gnu++20";
				CLANG_ENABLE_MODULES = YES;
				CLANG_ENABLE_OBJC_ARC = YES;
				CLANG_ENABLE_OBJC_WEAK = YES;
				CLANG_WARN_BLOCK_CAPTURE_AUTORELEASING = YES;
				CLANG_WARN_BOOL_CONVERSION = YES;
				CLANG_WARN_COMMA = YES;
				CLANG_WARN_CONSTANT_CONVERSION = YES;
				CLANG_WARN_DEPRECATED_OBJC_IMPLEMENTATIONS = YES;
				CLANG_WARN_DIRECT_OBJC_ISA_USAGE = YES_ERROR;
				CLANG_WARN_DOCUMENTATION_COMMENTS = YES;
				CLANG_WARN_EMPTY_BODY = YES;
				CLANG_WARN_ENUM_CONVERSION = YES;
				CLANG_WARN_INFINITE_RECURSION = YES;
				CLANG_WARN_INT_CONVERSION = YES;
				CLANG_WARN_NON_LITERAL_NULL_CONVERSION = YES;
				CLANG_WARN_OBJC_IMPLICIT_RETAIN_SELF = YES;
				CLANG_WARN_OBJC_LITERAL_CONVERSION = YES;
				CLANG_WARN_OBJC_ROOT_CLASS = YES_ERROR;
				CLANG_WARN_QUOTED_INCLUDE_IN_FRAMEWORK_HEADER = YES;
				CLANG_WARN_RANGE_LOOP_ANALYSIS = YES;
				CLANG_WARN_STRICT_PROTOTYPES = YES;
				CLANG_WARN_SUSPICIOUS_MOVE = YES;
				CLANG_WARN_UNGUARDED_AVAILABILITY = YES_AGGRESSIVE;
				CLANG_WARN_UNREACHABLE_CODE = YES;
				CLANG_WARN__DUPLICATE_METHOD_MATCH = YES;
				COPY_PHASE_STRIP = NO;
				DEBUG_INFORMATION_FORMAT = dwarf;
				ENABLE_STRICT_OBJC_MSGSEND = YES;
				ENABLE_TESTABILITY = YES;
				ENABLE_USER_SCRIPT_SANDBOXING = YES;
				GCC_C_LANGUAGE_STANDARD = gnu17;
				GCC_DYNAMIC_NO_PIC = NO;
				GCC_NO_COMMON_BLOCKS = YES;
				GCC_OPTIMIZATION_LEVEL = 0;
				GCC_PREPROCESSOR_DEFINITIONS = (
					"DEBUG=1",
					"$(inherited)",
				);
				GCC_WARN_64_TO_32_BIT_CONVERSION = YES;
				GCC_WARN_ABOUT_RETURN_TYPE = YES_ERROR;
				GCC_WARN_UNDECLARED_SELECTOR = YES;
				GCC_WARN_UNINITIALIZED_AUTOS = YES_AGGRESSIVE;
				GCC_WARN_UNUSED_FUNCTION = YES;
				GCC_WARN_UNUSED_VARIABLE = YES;
				IPHONEOS_DEPLOYMENT_TARGET = 18.2;
				LOCALIZATION_PREFERS_STRING_CATALOGS = YES;
				MTL_ENABLE_DEBUG_INFO = INCLUDE_SOURCE;
				MTL_FAST_MATH = YES;
				ONLY_ACTIVE_ARCH = YES;
				SDKROOT = iphoneos;
				SWIFT_ACTIVE_COMPILATION_CONDITIONS = "DEBUG $(inherited)";
				SWIFT_OPTIMIZATION_LEVEL = "-Onone";
			};
			name = Debug;
		};
		5EDA63A32D9E990B0044FD17 /* Release */ = {
			isa = XCBuildConfiguration;
			buildSettings = {
				ALWAYS_SEARCH_USER_PATHS = NO;
				ASSETCATALOG_COMPILER_GENERATE_SWIFT_ASSET_SYMBOL_EXTENSIONS = YES;
				CLANG_ANALYZER_NONNULL = YES;
				CLANG_ANALYZER_NUMBER_OBJECT_CONVERSION = YES_AGGRESSIVE;
				CLANG_CXX_LANGUAGE_STANDARD = "gnu++20";
				CLANG_ENABLE_MODULES = YES;
				CLANG_ENABLE_OBJC_ARC = YES;
				CLANG_ENABLE_OBJC_WEAK = YES;
				CLANG_WARN_BLOCK_CAPTURE_AUTORELEASING = YES;
				CLANG_WARN_BOOL_CONVERSION = YES;
				CLANG_WARN_COMMA = YES;
				CLANG_WARN_CONSTANT_CONVERSION = YES;
				CLANG_WARN_DEPRECATED_OBJC_IMPLEMENTATIONS = YES;
				CLANG_WARN_DIRECT_OBJC_ISA_USAGE = YES_ERROR;
				CLANG_WARN_DOCUMENTATION_COMMENTS = YES;
				CLANG_WARN_EMPTY_BODY = YES;
				CLANG_WARN_ENUM_CONVERSION = YES;
				CLANG_WARN_INFINITE_RECURSION = YES;
				CLANG_WARN_INT_CONVERSION = YES;
				CLANG_WARN_NON_LITERAL_NULL_CONVERSION = YES;
				CLANG_WARN_OBJC_IMPLICIT_RETAIN_SELF = YES;
				CLANG_WARN_OBJC_LITERAL_CONVERSION = YES;
				CLANG_WARN_OBJC_ROOT_CLASS = YES_ERROR;
				CLANG_WARN_QUOTED_INCLUDE_IN_FRAMEWORK_HEADER = YES;
				CLANG_WARN_RANGE_LOOP_ANALYSIS = YES;
				CLANG_WARN_STRICT_PROTOTYPES = YES;
				CLANG_WARN_SUSPICIOUS_MOVE = YES;
				CLANG_WARN_UNGUARDED_AVAILABILITY = YES_AGGRESSIVE;
				CLANG_WARN_UNREACHABLE_CODE = YES;
				CLANG_WARN__DUPLICATE_METHOD_MATCH = YES;
				COPY_PHASE_STRIP = NO;
				DEBUG_INFORMATION_FORMAT = "dwarf-with-dsym";
				ENABLE_NS_ASSERTIONS = NO;
				ENABLE_STRICT_OBJC_MSGSEND = YES;
				ENABLE_USER_SCRIPT_SANDBOXING = YES;
				GCC_C_LANGUAGE_STANDARD = gnu17;
				GCC_NO_COMMON_BLOCKS = YES;
				GCC_WARN_64_TO_32_BIT_CONVERSION = YES;
				GCC_WARN_ABOUT_RETURN_TYPE = YES_ERROR;
				GCC_WARN_UNDECLARED_SELECTOR = YES;
				GCC_WARN_UNINITIALIZED_AUTOS = YES_AGGRESSIVE;
				GCC_WARN_UNUSED_FUNCTION = YES;
				GCC_WARN_UNUSED_VARIABLE = YES;
				IPHONEOS_DEPLOYMENT_TARGET = 18.2;
				LOCALIZATION_PREFERS_STRING_CATALOGS = YES;
				MTL_ENABLE_DEBUG_INFO = NO;
				MTL_FAST_MATH = YES;
				SDKROOT = iphoneos;
				SWIFT_COMPILATION_MODE = wholemodule;
				VALIDATE_PRODUCT = YES;
			};
			name = Release;
		};
		5EDA63A52D9E990B0044FD17 /* Debug */ = {
			isa = XCBuildConfiguration;
			buildSettings = {
				BUNDLE_LOADER = "$(TEST_HOST)";
				CODE_SIGN_STYLE = Automatic;
				CURRENT_PROJECT_VERSION = 1;
				DEVELOPMENT_TEAM = S56QZ2JUAY;
				GENERATE_INFOPLIST_FILE = YES;
				IPHONEOS_DEPLOYMENT_TARGET = 18.2;
				MARKETING_VERSION = 1.0;
				PRODUCT_BUNDLE_IDENTIFIER = com.kseniamastaler.moviequiz.counter1Tests;
				PRODUCT_NAME = "$(TARGET_NAME)";
				SWIFT_EMIT_LOC_STRINGS = NO;
				SWIFT_VERSION = 5.0;
				TARGETED_DEVICE_FAMILY = "1,2";
				TEST_HOST = "$(BUILT_PRODUCTS_DIR)/counter1.app/$(BUNDLE_EXECUTABLE_FOLDER_PATH)/counter1";
			};
			name = Debug;
		};
		5EDA63A62D9E990B0044FD17 /* Release */ = {
			isa = XCBuildConfiguration;
			buildSettings = {
				BUNDLE_LOADER = "$(TEST_HOST)";
				CODE_SIGN_STYLE = Automatic;
				CURRENT_PROJECT_VERSION = 1;
				DEVELOPMENT_TEAM = S56QZ2JUAY;
				GENERATE_INFOPLIST_FILE = YES;
				IPHONEOS_DEPLOYMENT_TARGET = 18.2;
				MARKETING_VERSION = 1.0;
				PRODUCT_BUNDLE_IDENTIFIER = com.kseniamastaler.moviequiz.counter1Tests;
				PRODUCT_NAME = "$(TARGET_NAME)";
				SWIFT_EMIT_LOC_STRINGS = NO;
				SWIFT_VERSION = 5.0;
				TARGETED_DEVICE_FAMILY = "1,2";
				TEST_HOST = "$(BUILT_PRODUCTS_DIR)/counter1.app/$(BUNDLE_EXECUTABLE_FOLDER_PATH)/counter1";
			};
			name = Release;
		};
		5EDA63A82D9E990B0044FD17 /* Debug */ = {
			isa = XCBuildConfiguration;
			buildSettings = {
				CODE_SIGN_STYLE = Automatic;
				CURRENT_PROJECT_VERSION = 1;
				DEVELOPMENT_TEAM = S56QZ2JUAY;
				GENERATE_INFOPLIST_FILE = YES;
				MARKETING_VERSION = 1.0;
				PRODUCT_BUNDLE_IDENTIFIER = com.kseniamastaler.moviequiz.counter1UITests;
				PRODUCT_NAME = "$(TARGET_NAME)";
				SWIFT_EMIT_LOC_STRINGS = NO;
				SWIFT_VERSION = 5.0;
				TARGETED_DEVICE_FAMILY = "1,2";
				TEST_TARGET_NAME = counter1;
			};
			name = Debug;
		};
		5EDA63A92D9E990B0044FD17 /* Release */ = {
			isa = XCBuildConfiguration;
			buildSettings = {
				CODE_SIGN_STYLE = Automatic;
				CURRENT_PROJECT_VERSION = 1;
				DEVELOPMENT_TEAM = S56QZ2JUAY;
				GENERATE_INFOPLIST_FILE = YES;
				MARKETING_VERSION = 1.0;
				PRODUCT_BUNDLE_IDENTIFIER = com.kseniamastaler.moviequiz.counter1UITests;
				PRODUCT_NAME = "$(TARGET_NAME)";
				SWIFT_EMIT_LOC_STRINGS = NO;
				SWIFT_VERSION = 5.0;
				TARGETED_DEVICE_FAMILY = "1,2";
				TEST_TARGET_NAME = counter1;
			};
			name = Release;
		};
/* End XCBuildConfiguration section */

/* Begin XCConfigurationList section */
		5EDA63712D9E99090044FD17 /* Build configuration list for PBXProject "counter1" */ = {
			isa = XCConfigurationList;
			buildConfigurations = (
				5EDA63A22D9E990B0044FD17 /* Debug */,
				5EDA63A32D9E990B0044FD17 /* Release */,
			);
			defaultConfigurationIsVisible = 0;
			defaultConfigurationName = Release;
		};
		5EDA639F2D9E990B0044FD17 /* Build configuration list for PBXNativeTarget "counter1" */ = {
			isa = XCConfigurationList;
			buildConfigurations = (
				5EDA63A02D9E990B0044FD17 /* Debug */,
				5EDA63A12D9E990B0044FD17 /* Release */,
			);
			defaultConfigurationIsVisible = 0;
			defaultConfigurationName = Release;
		};
		5EDA63A42D9E990B0044FD17 /* Build configuration list for PBXNativeTarget "counter1Tests" */ = {
			isa = XCConfigurationList;
			buildConfigurations = (
				5EDA63A52D9E990B0044FD17 /* Debug */,
				5EDA63A62D9E990B0044FD17 /* Release */,
			);
			defaultConfigurationIsVisible = 0;
			defaultConfigurationName = Release;
		};
		5EDA63A72D9E990B0044FD17 /* Build configuration list for PBXNativeTarget "counter1UITests" */ = {
			isa = XCConfigurationList;
			buildConfigurations = (
				5EDA63A82D9E990B0044FD17 /* Debug */,
				5EDA63A92D9E990B0044FD17 /* Release */,
			);
			defaultConfigurationIsVisible = 0;
			defaultConfigurationName = Release;
		};
/* End XCConfigurationList section */
	};
	rootObject = 5EDA636E2D9E99090044FD17 /* Project object */;
}
